
Microsoft Visual Studio Solution File, Format Version 12.00
# Visual Studio 15
Project("{FAE04EC0-301F-11D3-BF4B-00C04F79EFBC}") = "App 3 Furniture", "Assembly-CSharp.csproj", "{C32CFA45-FDF1-9FC7-857D-76C9E4314B8A}"
EndProject
Project("{FAE04EC0-301F-11D3-BF4B-00C04F79EFBC}") = "App 3 Furniture", "Assembly-CSharp-Editor.csproj", "{413AB371-60D7-4527-F6ED-B06D1674FDF4}"
EndProject
Global
	GlobalSection(SolutionConfigurationPlatforms) = preSolution
		Debug|Any CPU = Debug|Any CPU
		Release|Any CPU = Release|Any CPU
	EndGlobalSection
	GlobalSection(ProjectConfigurationPlatforms) = postSolution
		{C32CFA45-FDF1-9FC7-857D-76C9E4314B8A}.Debug|Any CPU.ActiveCfg = Debug|Any CPU
		{C32CFA45-FDF1-9FC7-857D-76C9E4314B8A}.Debug|Any CPU.Build.0 = Debug|Any CPU
		{C32CFA45-FDF1-9FC7-857D-76C9E4314B8A}.Release|Any CPU.ActiveCfg = Release|Any CPU
		{C32CFA45-FDF1-9FC7-857D-76C9E4314B8A}.Release|Any CPU.Build.0 = Release|Any CPU
		{413AB371-60D7-4527-F6ED-B06D1674FDF4}.Debug|Any CPU.ActiveCfg = Debug|Any CPU
		{413AB371-60D7-4527-F6ED-B06D1674FDF4}.Debug|Any CPU.Build.0 = Debug|Any CPU
		{413AB371-60D7-4527-F6ED-B06D1674FDF4}.Release|Any CPU.ActiveCfg = Release|Any CPU
		{413AB371-60D7-4527-F6ED-B06D1674FDF4}.Release|Any CPU.Build.0 = Release|Any CPU
	EndGlobalSection
	GlobalSection(SolutionProperties) = preSolution
		HideSolutionNode = FALSE
	EndGlobalSection
EndGlobal
